
Microsoft Visual Studio Solution File, Format Version 12.00
# Visual Studio Version 17
VisualStudioVersion = 17.6.33815.320
MinimumVisualStudioVersion = 10.0.40219.1
Project("{FAE04EC0-301F-11D3-BF4B-00C04F79EFBC}") = "FADatepick.Project1", "FADatepick.Project1\FADatepick.Project1.csproj", "{DDB332BF-4851-4047-B54C-90DC879CBB80}"
EndProject
Global
	GlobalSection(SolutionConfigurationPlatforms) = preSolution
		Debug|Any CPU = Debug|Any CPU
		Release|Any CPU = Release|Any CPU
	EndGlobalSection
	GlobalSection(ProjectConfigurationPlatforms) = postSolution
		{DDB332BF-4851-4047-B54C-90DC879CBB80}.Debug|Any CPU.ActiveCfg = Debug|Any CPU
		{DDB332BF-4851-4047-B54C-90DC879CBB80}.Debug|Any CPU.Build.0 = Debug|Any CPU
		{DDB332BF-4851-4047-B54C-90DC879CBB80}.Release|Any CPU.ActiveCfg = Release|Any CPU
		{DDB332BF-4851-4047-B54C-90DC879CBB80}.Release|Any CPU.Build.0 = Release|Any CPU
	EndGlobalSection
	GlobalSection(SolutionProperties) = preSolution
		HideSolutionNode = FALSE
	EndGlobalSection
	GlobalSection(ExtensibilityGlobals) = postSolution
		SolutionGuid = {F6C1FC17-7A7B-4BAC-8DA2-1A38FE076364}
	EndGlobalSection
EndGlobal
